
Microsoft Visual Studio Solution File, Format Version 12.00
# Visual Studio 15
VisualStudioVersion = 15.0.26124.0
MinimumVisualStudioVersion = 15.0.26124.0
Project("{2150E333-8FDC-42A3-9474-1A3956D46DE8}") = "src", "src", "{EF5D157B-B8CF-4661-8CCA-306D128B1926}"
EndProject
Project("{FAE04EC0-301F-11D3-BF4B-00C04F79EFBC}") = "Data", "src\Data\Data.csproj", "{7AC4528B-658C-44E6-8D2B-CB16AD365E4F}"
EndProject
Project("{FAE04EC0-301F-11D3-BF4B-00C04F79EFBC}") = "DI", "src\DI\DI.csproj", "{DA5E51BC-70D9-4484-9DCE-B9FFD975BE9A}"
EndProject
Project("{FAE04EC0-301F-11D3-BF4B-00C04F79EFBC}") = "Domain", "src\Domain\Domain.csproj", "{21E9A032-9826-4175-9748-59A3F5282ADA}"
EndProject
Project("{FAE04EC0-301F-11D3-BF4B-00C04F79EFBC}") = "Web.Site", "src\Web.Site\Web.Site.csproj", "{3EE11675-878E-4F93-AC5C-5CA3232B4690}"
EndProject
Global
	GlobalSection(SolutionConfigurationPlatforms) = preSolution
		Debug|Any CPU = Debug|Any CPU
		Debug|x64 = Debug|x64
		Debug|x86 = Debug|x86
		Release|Any CPU = Release|Any CPU
		Release|x64 = Release|x64
		Release|x86 = Release|x86
	EndGlobalSection
	GlobalSection(SolutionProperties) = preSolution
		HideSolutionNode = FALSE
	EndGlobalSection
	GlobalSection(ProjectConfigurationPlatforms) = postSolution
		{7AC4528B-658C-44E6-8D2B-CB16AD365E4F}.Debug|Any CPU.ActiveCfg = Debug|Any CPU
		{7AC4528B-658C-44E6-8D2B-CB16AD365E4F}.Debug|Any CPU.Build.0 = Debug|Any CPU
		{7AC4528B-658C-44E6-8D2B-CB16AD365E4F}.Debug|x64.ActiveCfg = Debug|Any CPU
		{7AC4528B-658C-44E6-8D2B-CB16AD365E4F}.Debug|x64.Build.0 = Debug|Any CPU
		{7AC4528B-658C-44E6-8D2B-CB16AD365E4F}.Debug|x86.ActiveCfg = Debug|Any CPU
		{7AC4528B-658C-44E6-8D2B-CB16AD365E4F}.Debug|x86.Build.0 = Debug|Any CPU
		{7AC4528B-658C-44E6-8D2B-CB16AD365E4F}.Release|Any CPU.ActiveCfg = Release|Any CPU
		{7AC4528B-658C-44E6-8D2B-CB16AD365E4F}.Release|Any CPU.Build.0 = Release|Any CPU
		{7AC4528B-658C-44E6-8D2B-CB16AD365E4F}.Release|x64.ActiveCfg = Release|Any CPU
		{7AC4528B-658C-44E6-8D2B-CB16AD365E4F}.Release|x64.Build.0 = Release|Any CPU
		{7AC4528B-658C-44E6-8D2B-CB16AD365E4F}.Release|x86.ActiveCfg = Release|Any CPU
		{7AC4528B-658C-44E6-8D2B-CB16AD365E4F}.Release|x86.Build.0 = Release|Any CPU
		{DA5E51BC-70D9-4484-9DCE-B9FFD975BE9A}.Debug|Any CPU.ActiveCfg = Debug|Any CPU
		{DA5E51BC-70D9-4484-9DCE-B9FFD975BE9A}.Debug|Any CPU.Build.0 = Debug|Any CPU
		{DA5E51BC-70D9-4484-9DCE-B9FFD975BE9A}.Debug|x64.ActiveCfg = Debug|Any CPU
		{DA5E51BC-70D9-4484-9DCE-B9FFD975BE9A}.Debug|x64.Build.0 = Debug|Any CPU
		{DA5E51BC-70D9-4484-9DCE-B9FFD975BE9A}.Debug|x86.ActiveCfg = Debug|Any CPU
		{DA5E51BC-70D9-4484-9DCE-B9FFD975BE9A}.Debug|x86.Build.0 = Debug|Any CPU
		{DA5E51BC-70D9-4484-9DCE-B9FFD975BE9A}.Release|Any CPU.ActiveCfg = Release|Any CPU
		{DA5E51BC-70D9-4484-9DCE-B9FFD975BE9A}.Release|Any CPU.Build.0 = Release|Any CPU
		{DA5E51BC-70D9-4484-9DCE-B9FFD975BE9A}.Release|x64.ActiveCfg = Release|Any CPU
		{DA5E51BC-70D9-4484-9DCE-B9FFD975BE9A}.Release|x64.Build.0 = Release|Any CPU
		{DA5E51BC-70D9-4484-9DCE-B9FFD975BE9A}.Release|x86.ActiveCfg = Release|Any CPU
		{DA5E51BC-70D9-4484-9DCE-B9FFD975BE9A}.Release|x86.Build.0 = Release|Any CPU
		{21E9A032-9826-4175-9748-59A3F5282ADA}.Debug|Any CPU.ActiveCfg = Debug|Any CPU
		{21E9A032-9826-4175-9748-59A3F5282ADA}.Debug|Any CPU.Build.0 = Debug|Any CPU
		{21E9A032-9826-4175-9748-59A3F5282ADA}.Debug|x64.ActiveCfg = Debug|Any CPU
		{21E9A032-9826-4175-9748-59A3F5282ADA}.Debug|x64.Build.0 = Debug|Any CPU
		{21E9A032-9826-4175-9748-59A3F5282ADA}.Debug|x86.ActiveCfg = Debug|Any CPU
		{21E9A032-9826-4175-9748-59A3F5282ADA}.Debug|x86.Build.0 = Debug|Any CPU
		{21E9A032-9826-4175-9748-59A3F5282ADA}.Release|Any CPU.ActiveCfg = Release|Any CPU
		{21E9A032-9826-4175-9748-59A3F5282ADA}.Release|Any CPU.Build.0 = Release|Any CPU
		{21E9A032-9826-4175-9748-59A3F5282ADA}.Release|x64.ActiveCfg = Release|Any CPU
		{21E9A032-9826-4175-9748-59A3F5282ADA}.Release|x64.Build.0 = Release|Any CPU
		{21E9A032-9826-4175-9748-59A3F5282ADA}.Release|x86.ActiveCfg = Release|Any CPU
		{21E9A032-9826-4175-9748-59A3F5282ADA}.Release|x86.Build.0 = Release|Any CPU
		{3EE11675-878E-4F93-AC5C-5CA3232B4690}.Debug|Any CPU.ActiveCfg = Debug|Any CPU
		{3EE11675-878E-4F93-AC5C-5CA3232B4690}.Debug|Any CPU.Build.0 = Debug|Any CPU
		{3EE11675-878E-4F93-AC5C-5CA3232B4690}.Debug|x64.ActiveCfg = Debug|Any CPU
		{3EE11675-878E-4F93-AC5C-5CA3232B4690}.Debug|x64.Build.0 = Debug|Any CPU
		{3EE11675-878E-4F93-AC5C-5CA3232B4690}.Debug|x86.ActiveCfg = Debug|Any CPU
		{3EE11675-878E-4F93-AC5C-5CA3232B4690}.Debug|x86.Build.0 = Debug|Any CPU
		{3EE11675-878E-4F93-AC5C-5CA3232B4690}.Release|Any CPU.ActiveCfg = Release|Any CPU
		{3EE11675-878E-4F93-AC5C-5CA3232B4690}.Release|Any CPU.Build.0 = Release|Any CPU
		{3EE11675-878E-4F93-AC5C-5CA3232B4690}.Release|x64.ActiveCfg = Release|Any CPU
		{3EE11675-878E-4F93-AC5C-5CA3232B4690}.Release|x64.Build.0 = Release|Any CPU
		{3EE11675-878E-4F93-AC5C-5CA3232B4690}.Release|x86.ActiveCfg = Release|Any CPU
		{3EE11675-878E-4F93-AC5C-5CA3232B4690}.Release|x86.Build.0 = Release|Any CPU
	EndGlobalSection
	GlobalSection(NestedProjects) = preSolution
		{7AC4528B-658C-44E6-8D2B-CB16AD365E4F} = {EF5D157B-B8CF-4661-8CCA-306D128B1926}
		{DA5E51BC-70D9-4484-9DCE-B9FFD975BE9A} = {EF5D157B-B8CF-4661-8CCA-306D128B1926}
		{21E9A032-9826-4175-9748-59A3F5282ADA} = {EF5D157B-B8CF-4661-8CCA-306D128B1926}
		{3EE11675-878E-4F93-AC5C-5CA3232B4690} = {EF5D157B-B8CF-4661-8CCA-306D128B1926}
	EndGlobalSection
EndGlobal
